// !$*UTF8*$!
{
	archiveVersion = 1;
	classes = {
	};
	objectVersion = 50;
	objects = {

/* Begin PBXBuildFile section */
		8DEEE88125F718F8008AF8DF /* HearthStoneApp.swift in Sources */ = {isa = PBXBuildFile; fileRef = 8DEEE88025F718F8008AF8DF /* HearthStoneApp.swift */; };
		8DEEE88325F718F8008AF8DF /* ContentView.swift in Sources */ = {isa = PBXBuildFile; fileRef = 8DEEE88225F718F8008AF8DF /* ContentView.swift */; };
		8DEEE88525F718FA008AF8DF /* Assets.xcassets in Resources */ = {isa = PBXBuildFile; fileRef = 8DEEE88425F718FA008AF8DF /* Assets.xcassets */; };
		8DEEE88825F718FA008AF8DF /* Preview Assets.xcassets in Resources */ = {isa = PBXBuildFile; fileRef = 8DEEE88725F718FA008AF8DF /* Preview Assets.xcassets */; };
		8DEEE89125F71951008AF8DF /* APIService.swift in Sources */ = {isa = PBXBuildFile; fileRef = 8DEEE89025F71951008AF8DF /* APIService.swift */; };
		8DEEE89425F7199D008AF8DF /* HearthStoneCard.swift in Sources */ = {isa = PBXBuildFile; fileRef = 8DEEE89325F7199D008AF8DF /* HearthStoneCard.swift */; };
		8DEEE8A525F71C71008AF8DF /* HearthStoneCardCellView.swift in Sources */ = {isa = PBXBuildFile; fileRef = 8DEEE8A425F71C71008AF8DF /* HearthStoneCardCellView.swift */; };
		8DEEE8A925F757E7008AF8DF /* HearthStoneCardexView.swift in Sources */ = {isa = PBXBuildFile; fileRef = 8DEEE8A825F757E7008AF8DF /* HearthStoneCardexView.swift */; };
		8DEEE8AC25F75D80008AF8DF /* HearthStoneHomeView.swift in Sources */ = {isa = PBXBuildFile; fileRef = 8DEEE8AB25F75D80008AF8DF /* HearthStoneHomeView.swift */; };
		8DEEE8B425F7622B008AF8DF /* HearthStoneCarouselViewModel.swift in Sources */ = {isa = PBXBuildFile; fileRef = 8DEEE8B325F7622B008AF8DF /* HearthStoneCarouselViewModel.swift */; };
		8DEEE8B725F77748008AF8DF /* Card.swift in Sources */ = {isa = PBXBuildFile; fileRef = 8DEEE8B625F77748008AF8DF /* Card.swift */; };
/* End PBXBuildFile section */

/* Begin PBXFileReference section */
		8DEEE87D25F718F8008AF8DF /* HearthStone.app */ = {isa = PBXFileReference; explicitFileType = wrapper.application; includeInIndex = 0; path = HearthStone.app; sourceTree = BUILT_PRODUCTS_DIR; };
		8DEEE88025F718F8008AF8DF /* HearthStoneApp.swift */ = {isa = PBXFileReference; lastKnownFileType = sourcecode.swift; path = HearthStoneApp.swift; sourceTree = "<group>"; };
		8DEEE88225F718F8008AF8DF /* ContentView.swift */ = {isa = PBXFileReference; lastKnownFileType = sourcecode.swift; path = ContentView.swift; sourceTree = "<group>"; };
		8DEEE88425F718FA008AF8DF /* Assets.xcassets */ = {isa = PBXFileReference; lastKnownFileType = folder.assetcatalog; path = Assets.xcassets; sourceTree = "<group>"; };
		8DEEE88725F718FA008AF8DF /* Preview Assets.xcassets */ = {isa = PBXFileReference; lastKnownFileType = folder.assetcatalog; path = "Preview Assets.xcassets"; sourceTree = "<group>"; };
		8DEEE88925F718FA008AF8DF /* Info.plist */ = {isa = PBXFileReference; lastKnownFileType = text.plist.xml; path = Info.plist; sourceTree = "<group>"; };
		8DEEE89025F71951008AF8DF /* APIService.swift */ = {isa = PBXFileReference; fileEncoding = 4; lastKnownFileType = sourcecode.swift; path = APIService.swift; sourceTree = "<group>"; };
		8DEEE89325F7199D008AF8DF /* HearthStoneCard.swift */ = {isa = PBXFileReference; lastKnownFileType = sourcecode.swift; path = HearthStoneCard.swift; sourceTree = "<group>"; };
		8DEEE8A425F71C71008AF8DF /* HearthStoneCardCellView.swift */ = {isa = PBXFileReference; lastKnownFileType = sourcecode.swift; path = HearthStoneCardCellView.swift; sourceTree = "<group>"; };
		8DEEE8A825F757E7008AF8DF /* HearthStoneCardexView.swift */ = {isa = PBXFileReference; lastKnownFileType = sourcecode.swift; path = HearthStoneCardexView.swift; sourceTree = "<group>"; };
		8DEEE8AB25F75D80008AF8DF /* HearthStoneHomeView.swift */ = {isa = PBXFileReference; lastKnownFileType = sourcecode.swift; path = HearthStoneHomeView.swift; sourceTree = "<group>"; };
		8DEEE8B325F7622B008AF8DF /* HearthStoneCarouselViewModel.swift */ = {isa = PBXFileReference; lastKnownFileType = sourcecode.swift; path = HearthStoneCarouselViewModel.swift; sourceTree = "<group>"; };
		8DEEE8B625F77748008AF8DF /* Card.swift */ = {isa = PBXFileReference; lastKnownFileType = sourcecode.swift; path = Card.swift; sourceTree = "<group>"; };
/* End PBXFileReference section */

/* Begin PBXFrameworksBuildPhase section */
		8DEEE87A25F718F8008AF8DF /* Frameworks */ = {
			isa = PBXFrameworksBuildPhase;
			buildActionMask = 2147483647;
			files = (
			);
			runOnlyForDeploymentPostprocessing = 0;
		};
/* End PBXFrameworksBuildPhase section */

/* Begin PBXGroup section */
		8DEEE87425F718F8008AF8DF = {
			isa = PBXGroup;
			children = (
				8DEEE87F25F718F8008AF8DF /* HearthStone */,
				8DEEE87E25F718F8008AF8DF /* Products */,
			);
			sourceTree = "<group>";
		};
		8DEEE87E25F718F8008AF8DF /* Products */ = {
			isa = PBXGroup;
			children = (
				8DEEE87D25F718F8008AF8DF /* HearthStone.app */,
			);
			name = Products;
			sourceTree = "<group>";
		};
		8DEEE87F25F718F8008AF8DF /* HearthStone */ = {
			isa = PBXGroup;
			children = (
				8DEEE89D25F71BC1008AF8DF /* Model */,
				8DEEE89C25F71BB0008AF8DF /* View */,
				8DEEE89B25F71B9F008AF8DF /* ViewModel */,
				8DEEE88025F718F8008AF8DF /* HearthStoneApp.swift */,
				8DEEE89025F71951008AF8DF /* APIService.swift */,
				8DEEE88425F718FA008AF8DF /* Assets.xcassets */,
				8DEEE88925F718FA008AF8DF /* Info.plist */,
				8DEEE88625F718FA008AF8DF /* Preview Content */,
			);
			path = HearthStone;
			sourceTree = "<group>";
		};
		8DEEE88625F718FA008AF8DF /* Preview Content */ = {
			isa = PBXGroup;
			children = (
				8DEEE88725F718FA008AF8DF /* Preview Assets.xcassets */,
			);
			path = "Preview Content";
			sourceTree = "<group>";
		};
		8DEEE89B25F71B9F008AF8DF /* ViewModel */ = {
			isa = PBXGroup;
			children = (
				8DEEE8B325F7622B008AF8DF /* HearthStoneCarouselViewModel.swift */,
			);
			path = ViewModel;
			sourceTree = "<group>";
		};
		8DEEE89C25F71BB0008AF8DF /* View */ = {
			isa = PBXGroup;
			children = (
				8DEEE8A425F71C71008AF8DF /* HearthStoneCardCellView.swift */,
				8DEEE8A825F757E7008AF8DF /* HearthStoneCardexView.swift */,
				8DEEE8AB25F75D80008AF8DF /* HearthStoneHomeView.swift */,
				8DEEE88225F718F8008AF8DF /* ContentView.swift */,
			);
			path = View;
			sourceTree = "<group>";
		};
		8DEEE89D25F71BC1008AF8DF /* Model */ = {
			isa = PBXGroup;
			children = (
				8DEEE89325F7199D008AF8DF /* HearthStoneCard.swift */,
				8DEEE8B625F77748008AF8DF /* Card.swift */,
			);
			path = Model;
			sourceTree = "<group>";
		};
/* End PBXGroup section */

/* Begin PBXNativeTarget section */
		8DEEE87C25F718F8008AF8DF /* HearthStone */ = {
			isa = PBXNativeTarget;
			buildConfigurationList = 8DEEE88C25F718FA008AF8DF /* Build configuration list for PBXNativeTarget "HearthStone" */;
			buildPhases = (
				8DEEE87925F718F8008AF8DF /* Sources */,
				8DEEE87A25F718F8008AF8DF /* Frameworks */,
				8DEEE87B25F718F8008AF8DF /* Resources */,
			);
			buildRules = (
			);
			dependencies = (
			);
			name = HearthStone;
			productName = HearthStone;
			productReference = 8DEEE87D25F718F8008AF8DF /* HearthStone.app */;
			productType = "com.apple.product-type.application";
		};
/* End PBXNativeTarget section */

/* Begin PBXProject section */
		8DEEE87525F718F8008AF8DF /* Project object */ = {
			isa = PBXProject;
			attributes = {
				LastSwiftUpdateCheck = 1240;
				LastUpgradeCheck = 1240;
				TargetAttributes = {
					8DEEE87C25F718F8008AF8DF = {
						CreatedOnToolsVersion = 12.4;
					};
				};
			};
			buildConfigurationList = 8DEEE87825F718F8008AF8DF /* Build configuration list for PBXProject "HearthStone" */;
			compatibilityVersion = "Xcode 9.3";
			developmentRegion = en;
			hasScannedForEncodings = 0;
			knownRegions = (
				en,
				Base,
			);
			mainGroup = 8DEEE87425F718F8008AF8DF;
			productRefGroup = 8DEEE87E25F718F8008AF8DF /* Products */;
			projectDirPath = "";
			projectRoot = "";
			targets = (
				8DEEE87C25F718F8008AF8DF /* HearthStone */,
			);
		};
/* End PBXProject section */

/* Begin PBXResourcesBuildPhase section */
		8DEEE87B25F718F8008AF8DF /* Resources */ = {
			isa = PBXResourcesBuildPhase;
			buildActionMask = 2147483647;
			files = (
				8DEEE88825F718FA008AF8DF /* Preview Assets.xcassets in Resources */,
				8DEEE88525F718FA008AF8DF /* Assets.xcassets in Resources */,
			);
			runOnlyForDeploymentPostprocessing = 0;
		};
/* End PBXResourcesBuildPhase section */

/* Begin PBXSourcesBuildPhase section */
		8DEEE87925F718F8008AF8DF /* Sources */ = {
			isa = PBXSourcesBuildPhase;
			buildActionMask = 2147483647;
			files = (
				8DEEE8AC25F75D80008AF8DF /* HearthStoneHomeView.swift in Sources */,
				8DEEE8B725F77748008AF8DF /* Card.swift in Sources */,
				8DEEE88325F718F8008AF8DF /* ContentView.swift in Sources */,
				8DEEE8A925F757E7008AF8DF /* HearthStoneCardexView.swift in Sources */,
				8DEEE89125F71951008AF8DF /* APIService.swift in Sources */,
				8DEEE8B425F7622B008AF8DF /* HearthStoneCarouselViewModel.swift in Sources */,
				8DEEE88125F718F8008AF8DF /* HearthStoneApp.swift in Sources */,
				8DEEE89425F7199D008AF8DF /* HearthStoneCard.swift in Sources */,
				8DEEE8A525F71C71008AF8DF /* HearthStoneCardCellView.swift in Sources */,
			);
			runOnlyForDeploymentPostprocessing = 0;
		};
/* End PBXSourcesBuildPhase section */

/* Begin XCBuildConfiguration section */
		8DEEE88A25F718FA008AF8DF /* Debug */ = {
			isa = XCBuildConfiguration;
			buildSettings = {
				ALWAYS_SEARCH_USER_PATHS = NO;
				CLANG_ANALYZER_NONNULL = YES;
				CLANG_ANALYZER_NUMBER_OBJECT_CONVERSION = YES_AGGRESSIVE;
				CLANG_CXX_LANGUAGE_STANDARD = "gnu++14";
				CLANG_CXX_LIBRARY = "libc++";
				CLANG_ENABLE_MODULES = YES;
				CLANG_ENABLE_OBJC_ARC = YES;
				CLANG_ENABLE_OBJC_WEAK = YES;
				CLANG_WARN_BLOCK_CAPTURE_AUTORELEASING = YES;
				CLANG_WARN_BOOL_CONVERSION = YES;
				CLANG_WARN_COMMA = YES;
				CLANG_WARN_CONSTANT_CONVERSION = YES;
				CLANG_WARN_DEPRECATED_OBJC_IMPLEMENTATIONS = YES;
				CLANG_WARN_DIRECT_OBJC_ISA_USAGE = YES_ERROR;
				CLANG_WARN_DOCUMENTATION_COMMENTS = YES;
				CLANG_WARN_EMPTY_BODY = YES;
				CLANG_WARN_ENUM_CONVERSION = YES;
				CLANG_WARN_INFINITE_RECURSION = YES;
				CLANG_WARN_INT_CONVERSION = YES;
				CLANG_WARN_NON_LITERAL_NULL_CONVERSION = YES;
				CLANG_WARN_OBJC_IMPLICIT_RETAIN_SELF = YES;
				CLANG_WARN_OBJC_LITERAL_CONVERSION = YES;
				CLANG_WARN_OBJC_ROOT_CLASS = YES_ERROR;
				CLANG_WARN_QUOTED_INCLUDE_IN_FRAMEWORK_HEADER = YES;
				CLANG_WARN_RANGE_LOOP_ANALYSIS = YES;
				CLANG_WARN_STRICT_PROTOTYPES = YES;
				CLANG_WARN_SUSPICIOUS_MOVE = YES;
				CLANG_WARN_UNGUARDED_AVAILABILITY = YES_AGGRESSIVE;
				CLANG_WARN_UNREACHABLE_CODE = YES;
				CLANG_WARN__DUPLICATE_METHOD_MATCH = YES;
				COPY_PHASE_STRIP = NO;
				DEBUG_INFORMATION_FORMAT = dwarf;
				ENABLE_STRICT_OBJC_MSGSEND = YES;
				ENABLE_TESTABILITY = YES;
				GCC_C_LANGUAGE_STANDARD = gnu11;
				GCC_DYNAMIC_NO_PIC = NO;
				GCC_NO_COMMON_BLOCKS = YES;
				GCC_OPTIMIZATION_LEVEL = 0;
				GCC_PREPROCESSOR_DEFINITIONS = (
					"DEBUG=1",
					"$(inherited)",
				);
				GCC_WARN_64_TO_32_BIT_CONVERSION = YES;
				GCC_WARN_ABOUT_RETURN_TYPE = YES_ERROR;
				GCC_WARN_UNDECLARED_SELECTOR = YES;
				GCC_WARN_UNINITIALIZED_AUTOS = YES_AGGRESSIVE;
				GCC_WARN_UNUSED_FUNCTION = YES;
				GCC_WARN_UNUSED_VARIABLE = YES;
				IPHONEOS_DEPLOYMENT_TARGET = 14.4;
				MTL_ENABLE_DEBUG_INFO = INCLUDE_SOURCE;
				MTL_FAST_MATH = YES;
				ONLY_ACTIVE_ARCH = YES;
				SDKROOT = iphoneos;
				SWIFT_ACTIVE_COMPILATION_CONDITIONS = DEBUG;
				SWIFT_OPTIMIZATION_LEVEL = "-Onone";
			};
			name = Debug;
		};
		8DEEE88B25F718FA008AF8DF /* Release */ = {
			isa = XCBuildConfiguration;
			buildSettings = {
				ALWAYS_SEARCH_USER_PATHS = NO;
				CLANG_ANALYZER_NONNULL = YES;
				CLANG_ANALYZER_NUMBER_OBJECT_CONVERSION = YES_AGGRESSIVE;
				CLANG_CXX_LANGUAGE_STANDARD = "gnu++14";
				CLANG_CXX_LIBRARY = "libc++";
				CLANG_ENABLE_MODULES = YES;
				CLANG_ENABLE_OBJC_ARC = YES;
				CLANG_ENABLE_OBJC_WEAK = YES;
				CLANG_WARN_BLOCK_CAPTURE_AUTORELEASING = YES;
				CLANG_WARN_BOOL_CONVERSION = YES;
				CLANG_WARN_COMMA = YES;
				CLANG_WARN_CONSTANT_CONVERSION = YES;
				CLANG_WARN_DEPRECATED_OBJC_IMPLEMENTATIONS = YES;
				CLANG_WARN_DIRECT_OBJC_ISA_USAGE = YES_ERROR;
				CLANG_WARN_DOCUMENTATION_COMMENTS = YES;
				CLANG_WARN_EMPTY_BODY = YES;
				CLANG_WARN_ENUM_CONVERSION = YES;
				CLANG_WARN_INFINITE_RECURSION = YES;
				CLANG_WARN_INT_CONVERSION = YES;
				CLANG_WARN_NON_LITERAL_NULL_CONVERSION = YES;
				CLANG_WARN_OBJC_IMPLICIT_RETAIN_SELF = YES;
				CLANG_WARN_OBJC_LITERAL_CONVERSION = YES;
				CLANG_WARN_OBJC_ROOT_CLASS = YES_ERROR;
				CLANG_WARN_QUOTED_INCLUDE_IN_FRAMEWORK_HEADER = YES;
				CLANG_WARN_RANGE_LOOP_ANALYSIS = YES;
				CLANG_WARN_STRICT_PROTOTYPES = YES;
				CLANG_WARN_SUSPICIOUS_MOVE = YES;
				CLANG_WARN_UNGUARDED_AVAILABILITY = YES_AGGRESSIVE;
				CLANG_WARN_UNREACHABLE_CODE = YES;
				CLANG_WARN__DUPLICATE_METHOD_MATCH = YES;
				COPY_PHASE_STRIP = NO;
				DEBUG_INFORMATION_FORMAT = "dwarf-with-dsym";
				ENABLE_NS_ASSERTIONS = NO;
				ENABLE_STRICT_OBJC_MSGSEND = YES;
				GCC_C_LANGUAGE_STANDARD = gnu11;
				GCC_NO_COMMON_BLOCKS = YES;
				GCC_WARN_64_TO_32_BIT_CONVERSION = YES;
				GCC_WARN_ABOUT_RETURN_TYPE = YES_ERROR;
				GCC_WARN_UNDECLARED_SELECTOR = YES;
				GCC_WARN_UNINITIALIZED_AUTOS = YES_AGGRESSIVE;
				GCC_WARN_UNUSED_FUNCTION = YES;
				GCC_WARN_UNUSED_VARIABLE = YES;
				IPHONEOS_DEPLOYMENT_TARGET = 14.4;
				MTL_ENABLE_DEBUG_INFO = NO;
				MTL_FAST_MATH = YES;
				SDKROOT = iphoneos;
				SWIFT_COMPILATION_MODE = wholemodule;
				SWIFT_OPTIMIZATION_LEVEL = "-O";
				VALIDATE_PRODUCT = YES;
			};
			name = Release;
		};
		8DEEE88D25F718FA008AF8DF /* Debug */ = {
			isa = XCBuildConfiguration;
			buildSettings = {
				ASSETCATALOG_COMPILER_APPICON_NAME = AppIcon;
				ASSETCATALOG_COMPILER_GLOBAL_ACCENT_COLOR_NAME = AccentColor;
				CODE_SIGN_STYLE = Automatic;
				DEVELOPMENT_ASSET_PATHS = "\"HearthStone/Preview Content\"";
				DEVELOPMENT_TEAM = NRX9TBQYUM;
				ENABLE_PREVIEWS = YES;
				INFOPLIST_FILE = HearthStone/Info.plist;
				IPHONEOS_DEPLOYMENT_TARGET = 14.0;
				LD_RUNPATH_SEARCH_PATHS = (
					"$(inherited)",
					"@executable_path/Frameworks",
				);
				PRODUCT_BUNDLE_IDENTIFIER = com.ethancr0wn.HearthStone;
				PRODUCT_NAME = "$(TARGET_NAME)";
				SWIFT_VERSION = 5.0;
				TARGETED_DEVICE_FAMILY = "1,2";
			};
			name = Debug;
		};
		8DEEE88E25F718FA008AF8DF /* Release */ = {
			isa = XCBuildConfiguration;
			buildSettings = {
				ASSETCATALOG_COMPILER_APPICON_NAME = AppIcon;
				ASSETCATALOG_COMPILER_GLOBAL_ACCENT_COLOR_NAME = AccentColor;
				CODE_SIGN_STYLE = Automatic;
				DEVELOPMENT_ASSET_PATHS = "\"HearthStone/Preview Content\"";
				DEVELOPMENT_TEAM = NRX9TBQYUM;
				ENABLE_PREVIEWS = YES;
				INFOPLIST_FILE = HearthStone/Info.plist;
				IPHONEOS_DEPLOYMENT_TARGET = 14.0;
				LD_RUNPATH_SEARCH_PATHS = (
					"$(inherited)",
					"@executable_path/Frameworks",
				);
				PRODUCT_BUNDLE_IDENTIFIER = com.ethancr0wn.HearthStone;
				PRODUCT_NAME = "$(TARGET_NAME)";
				SWIFT_VERSION = 5.0;
				TARGETED_DEVICE_FAMILY = "1,2";
			};
			name = Release;
		};
/* End XCBuildConfiguration section */

/* Begin XCConfigurationList section */
		8DEEE87825F718F8008AF8DF /* Build configuration list for PBXProject "HearthStone" */ = {
			isa = XCConfigurationList;
			buildConfigurations = (
				8DEEE88A25F718FA008AF8DF /* Debug */,
				8DEEE88B25F718FA008AF8DF /* Release */,
			);
			defaultConfigurationIsVisible = 0;
			defaultConfigurationName = Release;
		};
		8DEEE88C25F718FA008AF8DF /* Build configuration list for PBXNativeTarget "HearthStone" */ = {
			isa = XCConfigurationList;
			buildConfigurations = (
				8DEEE88D25F718FA008AF8DF /* Debug */,
				8DEEE88E25F718FA008AF8DF /* Release */,
			);
			defaultConfigurationIsVisible = 0;
			defaultConfigurationName = Release;
		};
/* End XCConfigurationList section */
	};
	rootObject = 8DEEE87525F718F8008AF8DF /* Project object */;
}
